
Microsoft Visual Studio Solution File, Format Version 11.00
# Visual Studio 2010
Project("{FAE04EC0-301F-11D3-BF4B-00C04F79EFBC}") = "MicrosoftExcelCopier", "MicrosoftExcelCopier\MicrosoftExcelCopier.csproj", "{FC286E8D-0832-4E09-8C71-8AF326AC8A5A}"
EndProject
Project("{54435603-DBB4-11D2-8724-00A0C9A8B90C}") = "ExcelCopier", "Setup\Setup.vdproj", "{14FEAA0E-6899-41AB-BABF-23BF2A7DB50D}"
EndProject
Project("{FAE04EC0-301F-11D3-BF4B-00C04F79EFBC}") = "UnitTest", "UnitTest\UnitTest.csproj", "{720116FD-D1AE-4911-B58F-A345C3BB1902}"
EndProject
Global
	GlobalSection(SubversionScc) = preSolution
		Svn-Managed = True
		Manager = AnkhSVN - Subversion Support for Visual Studio
	EndGlobalSection
	GlobalSection(SolutionConfigurationPlatforms) = preSolution
		Debug|x86 = Debug|x86
		Release|x86 = Release|x86
	EndGlobalSection
	GlobalSection(ProjectConfigurationPlatforms) = postSolution
		{FC286E8D-0832-4E09-8C71-8AF326AC8A5A}.Debug|x86.ActiveCfg = Debug|x86
		{FC286E8D-0832-4E09-8C71-8AF326AC8A5A}.Debug|x86.Build.0 = Debug|x86
		{FC286E8D-0832-4E09-8C71-8AF326AC8A5A}.Release|x86.ActiveCfg = Release|x86
		{FC286E8D-0832-4E09-8C71-8AF326AC8A5A}.Release|x86.Build.0 = Release|x86
		{14FEAA0E-6899-41AB-BABF-23BF2A7DB50D}.Debug|x86.ActiveCfg = Debug
		{14FEAA0E-6899-41AB-BABF-23BF2A7DB50D}.Release|x86.ActiveCfg = Release
		{720116FD-D1AE-4911-B58F-A345C3BB1902}.Debug|x86.ActiveCfg = Debug|x86
		{720116FD-D1AE-4911-B58F-A345C3BB1902}.Debug|x86.Build.0 = Debug|x86
		{720116FD-D1AE-4911-B58F-A345C3BB1902}.Release|x86.ActiveCfg = Release|x86
		{720116FD-D1AE-4911-B58F-A345C3BB1902}.Release|x86.Build.0 = Release|x86
	EndGlobalSection
	GlobalSection(SolutionProperties) = preSolution
		HideSolutionNode = FALSE
	EndGlobalSection
EndGlobal
